
Microsoft Visual Studio Solution File, Format Version 12.00
# Visual Studio 14
VisualStudioVersion = 14.0.24720.0
MinimumVisualStudioVersion = 10.0.40219.1
Project("{FAE04EC0-301F-11D3-BF4B-00C04F79EFBC}") = "View", "Ekzamen\View.csproj", "{F5ECEF19-1DED-4D6A-BE7D-D9C1D6883C09}"
EndProject
Project("{FAE04EC0-301F-11D3-BF4B-00C04F79EFBC}") = "Model", "Model\Model.csproj", "{DD2AC6D8-C179-47D1-B679-42B67F5D9516}"
EndProject
Project("{FAE04EC0-301F-11D3-BF4B-00C04F79EFBC}") = "ViewModel", "ViewModel\ViewModel.csproj", "{F89BA84F-CB1D-47B6-A846-7D1D599D47E4}"
EndProject
Global
	GlobalSection(SolutionConfigurationPlatforms) = preSolution
		Debug|Any CPU = Debug|Any CPU
		Release|Any CPU = Release|Any CPU
	EndGlobalSection
	GlobalSection(ProjectConfigurationPlatforms) = postSolution
		{F5ECEF19-1DED-4D6A-BE7D-D9C1D6883C09}.Debug|Any CPU.ActiveCfg = Debug|Any CPU
		{F5ECEF19-1DED-4D6A-BE7D-D9C1D6883C09}.Debug|Any CPU.Build.0 = Debug|Any CPU
		{F5ECEF19-1DED-4D6A-BE7D-D9C1D6883C09}.Release|Any CPU.ActiveCfg = Release|Any CPU
		{F5ECEF19-1DED-4D6A-BE7D-D9C1D6883C09}.Release|Any CPU.Build.0 = Release|Any CPU
		{DD2AC6D8-C179-47D1-B679-42B67F5D9516}.Debug|Any CPU.ActiveCfg = Debug|Any CPU
		{DD2AC6D8-C179-47D1-B679-42B67F5D9516}.Debug|Any CPU.Build.0 = Debug|Any CPU
		{DD2AC6D8-C179-47D1-B679-42B67F5D9516}.Release|Any CPU.ActiveCfg = Release|Any CPU
		{DD2AC6D8-C179-47D1-B679-42B67F5D9516}.Release|Any CPU.Build.0 = Release|Any CPU
		{F89BA84F-CB1D-47B6-A846-7D1D599D47E4}.Debug|Any CPU.ActiveCfg = Debug|Any CPU
		{F89BA84F-CB1D-47B6-A846-7D1D599D47E4}.Debug|Any CPU.Build.0 = Debug|Any CPU
		{F89BA84F-CB1D-47B6-A846-7D1D599D47E4}.Release|Any CPU.ActiveCfg = Release|Any CPU
		{F89BA84F-CB1D-47B6-A846-7D1D599D47E4}.Release|Any CPU.Build.0 = Release|Any CPU
	EndGlobalSection
	GlobalSection(SolutionProperties) = preSolution
		HideSolutionNode = FALSE
	EndGlobalSection
EndGlobal
